
Microsoft Visual Studio Solution File, Format Version 12.00
Project("{FAE04EC0-301F-11D3-BF4B-00C04F79EFBC}") = "NextJsStaticHosting.VersionAdjust", "NextJsStaticHosting.VersionAdjust\NextJsStaticHosting.VersionAdjust.csproj", "{7EDDFCBB-D888-417A-B3F7-2D47547A1C6D}"
EndProject
Project("{FAE04EC0-301F-11D3-BF4B-00C04F79EFBC}") = "NextJsStaticHosting.VersionAdjust.Demo", "NextJsStaticHosting.VersionAdjust.Demo\NextJsStaticHosting.VersionAdjust.Demo.csproj", "{A279B47C-DC79-4207-89BD-0DCDACB3CD28}"
EndProject
Global
	GlobalSection(SolutionConfigurationPlatforms) = preSolution
		Debug|Any CPU = Debug|Any CPU
		Release|Any CPU = Release|Any CPU
	EndGlobalSection
	GlobalSection(ProjectConfigurationPlatforms) = postSolution
		{7EDDFCBB-D888-417A-B3F7-2D47547A1C6D}.Debug|Any CPU.ActiveCfg = Debug|Any CPU
		{7EDDFCBB-D888-417A-B3F7-2D47547A1C6D}.Debug|Any CPU.Build.0 = Debug|Any CPU
		{7EDDFCBB-D888-417A-B3F7-2D47547A1C6D}.Release|Any CPU.ActiveCfg = Release|Any CPU
		{7EDDFCBB-D888-417A-B3F7-2D47547A1C6D}.Release|Any CPU.Build.0 = Release|Any CPU
		{A279B47C-DC79-4207-89BD-0DCDACB3CD28}.Debug|Any CPU.ActiveCfg = Debug|Any CPU
		{A279B47C-DC79-4207-89BD-0DCDACB3CD28}.Debug|Any CPU.Build.0 = Debug|Any CPU
		{A279B47C-DC79-4207-89BD-0DCDACB3CD28}.Release|Any CPU.ActiveCfg = Release|Any CPU
		{A279B47C-DC79-4207-89BD-0DCDACB3CD28}.Release|Any CPU.Build.0 = Release|Any CPU
	EndGlobalSection
EndGlobal
